
Microsoft Visual Studio Solution File, Format Version 12.00
# Visual Studio Version 17
VisualStudioVersion = 17.3.32929.385
MinimumVisualStudioVersion = 10.0.40219.1
Project("{9A19103F-16F7-4668-BE54-9A1E7A4F7556}") = "ClassLibrary", "ClassLibrary\ClassLibrary.csproj", "{BE34A316-6725-4A85-9FB0-012F361991AB}"
EndProject
Project("{FAE04EC0-301F-11D3-BF4B-00C04F79EFBC}") = "MVC", "MVC\MVC.csproj", "{740EE639-D746-48DF-A815-E8A3EB191691}"
EndProject
Global
	GlobalSection(SolutionConfigurationPlatforms) = preSolution
		Debug|Any CPU = Debug|Any CPU
		Release|Any CPU = Release|Any CPU
	EndGlobalSection
	GlobalSection(ProjectConfigurationPlatforms) = postSolution
		{BE34A316-6725-4A85-9FB0-012F361991AB}.Debug|Any CPU.ActiveCfg = Debug|Any CPU
		{BE34A316-6725-4A85-9FB0-012F361991AB}.Debug|Any CPU.Build.0 = Debug|Any CPU
		{BE34A316-6725-4A85-9FB0-012F361991AB}.Release|Any CPU.ActiveCfg = Release|Any CPU
		{BE34A316-6725-4A85-9FB0-012F361991AB}.Release|Any CPU.Build.0 = Release|Any CPU
		{740EE639-D746-48DF-A815-E8A3EB191691}.Debug|Any CPU.ActiveCfg = Debug|Any CPU
		{740EE639-D746-48DF-A815-E8A3EB191691}.Debug|Any CPU.Build.0 = Debug|Any CPU
		{740EE639-D746-48DF-A815-E8A3EB191691}.Release|Any CPU.ActiveCfg = Release|Any CPU
		{740EE639-D746-48DF-A815-E8A3EB191691}.Release|Any CPU.Build.0 = Release|Any CPU
	EndGlobalSection
	GlobalSection(SolutionProperties) = preSolution
		HideSolutionNode = FALSE
	EndGlobalSection
	GlobalSection(ExtensibilityGlobals) = postSolution
		SolutionGuid = {C7DFAE7C-5C01-49A6-89C7-2B6631351840}
	EndGlobalSection
EndGlobal
